
Microsoft Visual Studio Solution File, Format Version 12.00
# Visual Studio Version 17
VisualStudioVersion = 17.9.34701.34
MinimumVisualStudioVersion = 10.0.40219.1
Project("{FAE04EC0-301F-11D3-BF4B-00C04F79EFBC}") = "proje_kutuphane", "proje_kutuphane.csproj", "{71642524-307E-4861-8199-B8806F63E91F}"
EndProject
Global
	GlobalSection(SolutionConfigurationPlatforms) = preSolution
		Debug|Any CPU = Debug|Any CPU
		Release|Any CPU = Release|Any CPU
	EndGlobalSection
	GlobalSection(ProjectConfigurationPlatforms) = postSolution
		{71642524-307E-4861-8199-B8806F63E91F}.Debug|Any CPU.ActiveCfg = Debug|Any CPU
		{71642524-307E-4861-8199-B8806F63E91F}.Debug|Any CPU.Build.0 = Debug|Any CPU
		{71642524-307E-4861-8199-B8806F63E91F}.Release|Any CPU.ActiveCfg = Release|Any CPU
		{71642524-307E-4861-8199-B8806F63E91F}.Release|Any CPU.Build.0 = Release|Any CPU
	EndGlobalSection
	GlobalSection(SolutionProperties) = preSolution
		HideSolutionNode = FALSE
	EndGlobalSection
	GlobalSection(ExtensibilityGlobals) = postSolution
		SolutionGuid = {8E513583-6E18-41B8-9AB8-71C1C3062C71}
	EndGlobalSection
EndGlobal
